
Microsoft Visual Studio Solution File, Format Version 12.00
# Visual Studio Version 16
VisualStudioVersion = 16.0.32428.217
MinimumVisualStudioVersion = 10.0.40219.1
Project("{9A19103F-16F7-4668-BE54-9A1E7A4F7556}") = "Demo", "Demo\Demo.csproj", "{AB67B953-3E0E-4172-9ACA-5E90DAFFB236}"
EndProject
Project("{9A19103F-16F7-4668-BE54-9A1E7A4F7556}") = "01. DeklariraneMasiv", "01. DeklariraneMasiv\01. DeklariraneMasiv.csproj", "{0BB77BDF-8A9F-4752-9159-F93B22147322}"
EndProject
Project("{9A19103F-16F7-4668-BE54-9A1E7A4F7556}") = "10_1_StatistikaNaMasiv", "10_1_StatistikaNaMasiv\10_1_StatistikaNaMasiv.csproj", "{8F72CCD5-FD38-4423-88B7-BBDAFAD19CB9}"
EndProject
Project("{9A19103F-16F7-4668-BE54-9A1E7A4F7556}") = "10_1_Statistika_2Nachin", "10_1_Statistika_2Nachin\10_1_Statistika_2Nachin.csproj", "{5E54C255-5B75-4A5D-B86D-B6582D3BC66D}"
EndProject
Project("{9A19103F-16F7-4668-BE54-9A1E7A4F7556}") = "Demo1", "Demo1\Demo1.csproj", "{275016EC-A710-4216-8979-C7D3A5D1881E}"
EndProject
Project("{9A19103F-16F7-4668-BE54-9A1E7A4F7556}") = "10_3_Index_Alphabet", "10_3_Index_Alphabet\10_3_Index_Alphabet.csproj", "{54D80B23-30B0-44D4-B217-F7DE54B251CF}"
EndProject
Project("{9A19103F-16F7-4668-BE54-9A1E7A4F7556}") = "Demo2_MetodiArray", "Demo2_MetodiArray\Demo2_MetodiArray.csproj", "{1BB90D40-9D73-4FC5-B760-C15D81A2E224}"
EndProject
Project("{9A19103F-16F7-4668-BE54-9A1E7A4F7556}") = "12_2_InsertElementMasiv", "12_2_InsertElementMasiv\12_2_InsertElementMasiv.csproj", "{555BE849-1C7E-445D-996F-FF1CD0A675CF}"
EndProject
Project("{9A19103F-16F7-4668-BE54-9A1E7A4F7556}") = "12_3_YesNo", "12_3_YesNo\12_3_YesNo.csproj", "{6A9B256E-D45C-43A9-9498-20BD88020ADE}"
EndProject
Project("{FAE04EC0-301F-11D3-BF4B-00C04F79EFBC}") = "Demo2", "Demo2\Demo2.csproj", "{7A07F588-A75A-4808-B9A7-D4939758A82D}"
EndProject
Project("{FAE04EC0-301F-11D3-BF4B-00C04F79EFBC}") = "Demo3", "Demo3\Demo3.csproj", "{5E0B728E-886E-4320-80E0-EF722E230443}"
EndProject
Project("{FAE04EC0-301F-11D3-BF4B-00C04F79EFBC}") = "Demo4", "Demo4\Demo4.csproj", "{4197DE2A-5BC7-4965-97B7-BB55500192F2}"
EndProject
Project("{FAE04EC0-301F-11D3-BF4B-00C04F79EFBC}") = "Demo4-1", "Demo4-1\Demo4-1.csproj", "{4CCDA7CE-4BBF-4CA7-A06F-CB50CDFB40BC}"
EndProject
Project("{FAE04EC0-301F-11D3-BF4B-00C04F79EFBC}") = "13_3_Names", "13_3_Names\13_3_Names.csproj", "{6B254DCC-E793-4646-A9CF-62FB102C4F8E}"
EndProject
Project("{FAE04EC0-301F-11D3-BF4B-00C04F79EFBC}") = "13_4_ReversedNames", "13_4_ReversedNames\13_4_ReversedNames.csproj", "{6683017D-44E0-4049-8C68-64EC6FD343DD}"
EndProject
Project("{FAE04EC0-301F-11D3-BF4B-00C04F79EFBC}") = "Demo5_SpisaciMetodi", "Demo5_SpisaciMetodi\Demo5_SpisaciMetodi.csproj", "{D4570678-EBC5-4A0B-A604-0C4E39589EC7}"
EndProject
Project("{FAE04EC0-301F-11D3-BF4B-00C04F79EFBC}") = "14_2_ChetniChisla", "14_2_ChetniChisla\14_2_ChetniChisla.csproj", "{2E763069-0567-43D3-AAAF-506840402B95}"
EndProject
Project("{FAE04EC0-301F-11D3-BF4B-00C04F79EFBC}") = "14_5_SumReverseNumber", "14_5_SumReverseNumber\14_5_SumReverseNumber.csproj", "{D414BF1E-61C6-419B-A760-E043043BC94E}"
EndProject
Project("{FAE04EC0-301F-11D3-BF4B-00C04F79EFBC}") = "14_3_SpisakKraynosti", "14_3_SpisakKraynosti\14_3_SpisakKraynosti.csproj", "{D34E6CE3-8D83-4802-B58A-9B70A7497174}"
EndProject
Project("{FAE04EC0-301F-11D3-BF4B-00C04F79EFBC}") = "14_5_1_SborObarnatiChisla", "14_5_1_SborObarnatiChisla\14_5_1_SborObarnatiChisla.csproj", "{C887E4B5-1171-4195-8108-806C95B94E3F}"
EndProject
Project("{FAE04EC0-301F-11D3-BF4B-00C04F79EFBC}") = "15_2_DeleteLastNumbers", "15_2_DeleteLastNumbers\15_2_DeleteLastNumbers.csproj", "{F99E9F5C-6597-4679-B7FB-466087872323}"
EndProject
Project("{FAE04EC0-301F-11D3-BF4B-00C04F79EFBC}") = "15_2.1_DeleteLastNumbers", "15_2.1_DeleteLastNumbers\15_2.1_DeleteLastNumbers.csproj", "{CE55AADC-C377-479F-8CA4-4DAC48D44627}"
EndProject
Project("{FAE04EC0-301F-11D3-BF4B-00C04F79EFBC}") = "15_3_DeleteNegativeNumbers", "15_3_DeleteNegativeNumbers\15_3_DeleteNegativeNumbers.csproj", "{ACC127DC-A705-44AC-AA10-8489C6F5EFC2}"
EndProject
Project("{FAE04EC0-301F-11D3-BF4B-00C04F79EFBC}") = "16_2_SortList", "16_2_SortList\16_2_SortList.csproj", "{641C00A6-BD4D-4F5E-9EC1-6FA3DFF32A1C}"
EndProject
Project("{FAE04EC0-301F-11D3-BF4B-00C04F79EFBC}") = "17_2_Koreni", "17_2_Koreni\17_2_Koreni.csproj", "{3DC480AA-8BFE-4DDD-A02D-3D52A4923E2D}"
EndProject
Global
	GlobalSection(SolutionConfigurationPlatforms) = preSolution
		Debug|Any CPU = Debug|Any CPU
		Release|Any CPU = Release|Any CPU
	EndGlobalSection
	GlobalSection(ProjectConfigurationPlatforms) = postSolution
		{AB67B953-3E0E-4172-9ACA-5E90DAFFB236}.Debug|Any CPU.ActiveCfg = Debug|Any CPU
		{AB67B953-3E0E-4172-9ACA-5E90DAFFB236}.Debug|Any CPU.Build.0 = Debug|Any CPU
		{AB67B953-3E0E-4172-9ACA-5E90DAFFB236}.Release|Any CPU.ActiveCfg = Release|Any CPU
		{AB67B953-3E0E-4172-9ACA-5E90DAFFB236}.Release|Any CPU.Build.0 = Release|Any CPU
		{0BB77BDF-8A9F-4752-9159-F93B22147322}.Debug|Any CPU.ActiveCfg = Debug|Any CPU
		{0BB77BDF-8A9F-4752-9159-F93B22147322}.Debug|Any CPU.Build.0 = Debug|Any CPU
		{0BB77BDF-8A9F-4752-9159-F93B22147322}.Release|Any CPU.ActiveCfg = Release|Any CPU
		{0BB77BDF-8A9F-4752-9159-F93B22147322}.Release|Any CPU.Build.0 = Release|Any CPU
		{8F72CCD5-FD38-4423-88B7-BBDAFAD19CB9}.Debug|Any CPU.ActiveCfg = Debug|Any CPU
		{8F72CCD5-FD38-4423-88B7-BBDAFAD19CB9}.Debug|Any CPU.Build.0 = Debug|Any CPU
		{8F72CCD5-FD38-4423-88B7-BBDAFAD19CB9}.Release|Any CPU.ActiveCfg = Release|Any CPU
		{8F72CCD5-FD38-4423-88B7-BBDAFAD19CB9}.Release|Any CPU.Build.0 = Release|Any CPU
		{5E54C255-5B75-4A5D-B86D-B6582D3BC66D}.Debug|Any CPU.ActiveCfg = Debug|Any CPU
		{5E54C255-5B75-4A5D-B86D-B6582D3BC66D}.Debug|Any CPU.Build.0 = Debug|Any CPU
		{5E54C255-5B75-4A5D-B86D-B6582D3BC66D}.Release|Any CPU.ActiveCfg = Release|Any CPU
		{5E54C255-5B75-4A5D-B86D-B6582D3BC66D}.Release|Any CPU.Build.0 = Release|Any CPU
		{275016EC-A710-4216-8979-C7D3A5D1881E}.Debug|Any CPU.ActiveCfg = Debug|Any CPU
		{275016EC-A710-4216-8979-C7D3A5D1881E}.Debug|Any CPU.Build.0 = Debug|Any CPU
		{275016EC-A710-4216-8979-C7D3A5D1881E}.Release|Any CPU.ActiveCfg = Release|Any CPU
		{275016EC-A710-4216-8979-C7D3A5D1881E}.Release|Any CPU.Build.0 = Release|Any CPU
		{54D80B23-30B0-44D4-B217-F7DE54B251CF}.Debug|Any CPU.ActiveCfg = Debug|Any CPU
		{54D80B23-30B0-44D4-B217-F7DE54B251CF}.Debug|Any CPU.Build.0 = Debug|Any CPU
		{54D80B23-30B0-44D4-B217-F7DE54B251CF}.Release|Any CPU.ActiveCfg = Release|Any CPU
		{54D80B23-30B0-44D4-B217-F7DE54B251CF}.Release|Any CPU.Build.0 = Release|Any CPU
		{1BB90D40-9D73-4FC5-B760-C15D81A2E224}.Debug|Any CPU.ActiveCfg = Debug|Any CPU
		{1BB90D40-9D73-4FC5-B760-C15D81A2E224}.Debug|Any CPU.Build.0 = Debug|Any CPU
		{1BB90D40-9D73-4FC5-B760-C15D81A2E224}.Release|Any CPU.ActiveCfg = Release|Any CPU
		{1BB90D40-9D73-4FC5-B760-C15D81A2E224}.Release|Any CPU.Build.0 = Release|Any CPU
		{555BE849-1C7E-445D-996F-FF1CD0A675CF}.Debug|Any CPU.ActiveCfg = Debug|Any CPU
		{555BE849-1C7E-445D-996F-FF1CD0A675CF}.Debug|Any CPU.Build.0 = Debug|Any CPU
		{555BE849-1C7E-445D-996F-FF1CD0A675CF}.Release|Any CPU.ActiveCfg = Release|Any CPU
		{555BE849-1C7E-445D-996F-FF1CD0A675CF}.Release|Any CPU.Build.0 = Release|Any CPU
		{6A9B256E-D45C-43A9-9498-20BD88020ADE}.Debug|Any CPU.ActiveCfg = Debug|Any CPU
		{6A9B256E-D45C-43A9-9498-20BD88020ADE}.Debug|Any CPU.Build.0 = Debug|Any CPU
		{6A9B256E-D45C-43A9-9498-20BD88020ADE}.Release|Any CPU.ActiveCfg = Release|Any CPU
		{6A9B256E-D45C-43A9-9498-20BD88020ADE}.Release|Any CPU.Build.0 = Release|Any CPU
		{7A07F588-A75A-4808-B9A7-D4939758A82D}.Debug|Any CPU.ActiveCfg = Debug|Any CPU
		{7A07F588-A75A-4808-B9A7-D4939758A82D}.Debug|Any CPU.Build.0 = Debug|Any CPU
		{7A07F588-A75A-4808-B9A7-D4939758A82D}.Release|Any CPU.ActiveCfg = Release|Any CPU
		{7A07F588-A75A-4808-B9A7-D4939758A82D}.Release|Any CPU.Build.0 = Release|Any CPU
		{5E0B728E-886E-4320-80E0-EF722E230443}.Debug|Any CPU.ActiveCfg = Debug|Any CPU
		{5E0B728E-886E-4320-80E0-EF722E230443}.Debug|Any CPU.Build.0 = Debug|Any CPU
		{5E0B728E-886E-4320-80E0-EF722E230443}.Release|Any CPU.ActiveCfg = Release|Any CPU
		{5E0B728E-886E-4320-80E0-EF722E230443}.Release|Any CPU.Build.0 = Release|Any CPU
		{4197DE2A-5BC7-4965-97B7-BB55500192F2}.Debug|Any CPU.ActiveCfg = Debug|Any CPU
		{4197DE2A-5BC7-4965-97B7-BB55500192F2}.Debug|Any CPU.Build.0 = Debug|Any CPU
		{4197DE2A-5BC7-4965-97B7-BB55500192F2}.Release|Any CPU.ActiveCfg = Release|Any CPU
		{4197DE2A-5BC7-4965-97B7-BB55500192F2}.Release|Any CPU.Build.0 = Release|Any CPU
		{4CCDA7CE-4BBF-4CA7-A06F-CB50CDFB40BC}.Debug|Any CPU.ActiveCfg = Debug|Any CPU
		{4CCDA7CE-4BBF-4CA7-A06F-CB50CDFB40BC}.Debug|Any CPU.Build.0 = Debug|Any CPU
		{4CCDA7CE-4BBF-4CA7-A06F-CB50CDFB40BC}.Release|Any CPU.ActiveCfg = Release|Any CPU
		{4CCDA7CE-4BBF-4CA7-A06F-CB50CDFB40BC}.Release|Any CPU.Build.0 = Release|Any CPU
		{6B254DCC-E793-4646-A9CF-62FB102C4F8E}.Debug|Any CPU.ActiveCfg = Debug|Any CPU
		{6B254DCC-E793-4646-A9CF-62FB102C4F8E}.Debug|Any CPU.Build.0 = Debug|Any CPU
		{6B254DCC-E793-4646-A9CF-62FB102C4F8E}.Release|Any CPU.ActiveCfg = Release|Any CPU
		{6B254DCC-E793-4646-A9CF-62FB102C4F8E}.Release|Any CPU.Build.0 = Release|Any CPU
		{6683017D-44E0-4049-8C68-64EC6FD343DD}.Debug|Any CPU.ActiveCfg = Debug|Any CPU
		{6683017D-44E0-4049-8C68-64EC6FD343DD}.Debug|Any CPU.Build.0 = Debug|Any CPU
		{6683017D-44E0-4049-8C68-64EC6FD343DD}.Release|Any CPU.ActiveCfg = Release|Any CPU
		{6683017D-44E0-4049-8C68-64EC6FD343DD}.Release|Any CPU.Build.0 = Release|Any CPU
		{D4570678-EBC5-4A0B-A604-0C4E39589EC7}.Debug|Any CPU.ActiveCfg = Debug|Any CPU
		{D4570678-EBC5-4A0B-A604-0C4E39589EC7}.Debug|Any CPU.Build.0 = Debug|Any CPU
		{D4570678-EBC5-4A0B-A604-0C4E39589EC7}.Release|Any CPU.ActiveCfg = Release|Any CPU
		{D4570678-EBC5-4A0B-A604-0C4E39589EC7}.Release|Any CPU.Build.0 = Release|Any CPU
		{2E763069-0567-43D3-AAAF-506840402B95}.Debug|Any CPU.ActiveCfg = Debug|Any CPU
		{2E763069-0567-43D3-AAAF-506840402B95}.Debug|Any CPU.Build.0 = Debug|Any CPU
		{2E763069-0567-43D3-AAAF-506840402B95}.Release|Any CPU.ActiveCfg = Release|Any CPU
		{2E763069-0567-43D3-AAAF-506840402B95}.Release|Any CPU.Build.0 = Release|Any CPU
		{D414BF1E-61C6-419B-A760-E043043BC94E}.Debug|Any CPU.ActiveCfg = Debug|Any CPU
		{D414BF1E-61C6-419B-A760-E043043BC94E}.Debug|Any CPU.Build.0 = Debug|Any CPU
		{D414BF1E-61C6-419B-A760-E043043BC94E}.Release|Any CPU.ActiveCfg = Release|Any CPU
		{D414BF1E-61C6-419B-A760-E043043BC94E}.Release|Any CPU.Build.0 = Release|Any CPU
		{D34E6CE3-8D83-4802-B58A-9B70A7497174}.Debug|Any CPU.ActiveCfg = Debug|Any CPU
		{D34E6CE3-8D83-4802-B58A-9B70A7497174}.Debug|Any CPU.Build.0 = Debug|Any CPU
		{D34E6CE3-8D83-4802-B58A-9B70A7497174}.Release|Any CPU.ActiveCfg = Release|Any CPU
		{D34E6CE3-8D83-4802-B58A-9B70A7497174}.Release|Any CPU.Build.0 = Release|Any CPU
		{C887E4B5-1171-4195-8108-806C95B94E3F}.Debug|Any CPU.ActiveCfg = Debug|Any CPU
		{C887E4B5-1171-4195-8108-806C95B94E3F}.Debug|Any CPU.Build.0 = Debug|Any CPU
		{C887E4B5-1171-4195-8108-806C95B94E3F}.Release|Any CPU.ActiveCfg = Release|Any CPU
		{C887E4B5-1171-4195-8108-806C95B94E3F}.Release|Any CPU.Build.0 = Release|Any CPU
		{F99E9F5C-6597-4679-B7FB-466087872323}.Debug|Any CPU.ActiveCfg = Debug|Any CPU
		{F99E9F5C-6597-4679-B7FB-466087872323}.Debug|Any CPU.Build.0 = Debug|Any CPU
		{F99E9F5C-6597-4679-B7FB-466087872323}.Release|Any CPU.ActiveCfg = Release|Any CPU
		{F99E9F5C-6597-4679-B7FB-466087872323}.Release|Any CPU.Build.0 = Release|Any CPU
		{CE55AADC-C377-479F-8CA4-4DAC48D44627}.Debug|Any CPU.ActiveCfg = Debug|Any CPU
		{CE55AADC-C377-479F-8CA4-4DAC48D44627}.Debug|Any CPU.Build.0 = Debug|Any CPU
		{CE55AADC-C377-479F-8CA4-4DAC48D44627}.Release|Any CPU.ActiveCfg = Release|Any CPU
		{CE55AADC-C377-479F-8CA4-4DAC48D44627}.Release|Any CPU.Build.0 = Release|Any CPU
		{ACC127DC-A705-44AC-AA10-8489C6F5EFC2}.Debug|Any CPU.ActiveCfg = Debug|Any CPU
		{ACC127DC-A705-44AC-AA10-8489C6F5EFC2}.Debug|Any CPU.Build.0 = Debug|Any CPU
		{ACC127DC-A705-44AC-AA10-8489C6F5EFC2}.Release|Any CPU.ActiveCfg = Release|Any CPU
		{ACC127DC-A705-44AC-AA10-8489C6F5EFC2}.Release|Any CPU.Build.0 = Release|Any CPU
		{641C00A6-BD4D-4F5E-9EC1-6FA3DFF32A1C}.Debug|Any CPU.ActiveCfg = Debug|Any CPU
		{641C00A6-BD4D-4F5E-9EC1-6FA3DFF32A1C}.Debug|Any CPU.Build.0 = Debug|Any CPU
		{641C00A6-BD4D-4F5E-9EC1-6FA3DFF32A1C}.Release|Any CPU.ActiveCfg = Release|Any CPU
		{641C00A6-BD4D-4F5E-9EC1-6FA3DFF32A1C}.Release|Any CPU.Build.0 = Release|Any CPU
		{3DC480AA-8BFE-4DDD-A02D-3D52A4923E2D}.Debug|Any CPU.ActiveCfg = Debug|Any CPU
		{3DC480AA-8BFE-4DDD-A02D-3D52A4923E2D}.Debug|Any CPU.Build.0 = Debug|Any CPU
		{3DC480AA-8BFE-4DDD-A02D-3D52A4923E2D}.Release|Any CPU.ActiveCfg = Release|Any CPU
		{3DC480AA-8BFE-4DDD-A02D-3D52A4923E2D}.Release|Any CPU.Build.0 = Release|Any CPU
	EndGlobalSection
	GlobalSection(SolutionProperties) = preSolution
		HideSolutionNode = FALSE
	EndGlobalSection
	GlobalSection(ExtensibilityGlobals) = postSolution
		SolutionGuid = {DACC2602-4177-4B8B-ABA1-97602511A034}
	EndGlobalSection
EndGlobal
